
Microsoft Visual Studio Solution File, Format Version 12.00
# Visual Studio Version 16
VisualStudioVersion = 16.0.31229.75
MinimumVisualStudioVersion = 10.0.40219.1
Project("{9A19103F-16F7-4668-BE54-9A1E7A4F7556}") = "Ans1and2", "Ans1and2.csproj", "{EBDB0E26-82E1-4027-80F5-51A19719D220}"
EndProject
Global
	GlobalSection(SolutionConfigurationPlatforms) = preSolution
		Debug|Any CPU = Debug|Any CPU
		Release|Any CPU = Release|Any CPU
	EndGlobalSection
	GlobalSection(ProjectConfigurationPlatforms) = postSolution
		{EBDB0E26-82E1-4027-80F5-51A19719D220}.Debug|Any CPU.ActiveCfg = Debug|Any CPU
		{EBDB0E26-82E1-4027-80F5-51A19719D220}.Debug|Any CPU.Build.0 = Debug|Any CPU
		{EBDB0E26-82E1-4027-80F5-51A19719D220}.Release|Any CPU.ActiveCfg = Release|Any CPU
		{EBDB0E26-82E1-4027-80F5-51A19719D220}.Release|Any CPU.Build.0 = Release|Any CPU
	EndGlobalSection
	GlobalSection(SolutionProperties) = preSolution
		HideSolutionNode = FALSE
	EndGlobalSection
	GlobalSection(ExtensibilityGlobals) = postSolution
		SolutionGuid = {E5AE54C3-C492-41F2-B017-6E07E8CEC7D6}
	EndGlobalSection
EndGlobal
